
Microsoft Visual Studio Solution File, Format Version 11.00
# Visual Studio 2010
Project("{FAE04EC0-301F-11D3-BF4B-00C04F79EFBC}") = "servidor-2", "servidor-2\servidor-2.csproj", "{B1DD1A8B-49A1-4C9E-B4C2-0DE6EEC4B14D}"
	ProjectSection(ProjectDependencies) = postProject
		{EC4B79BE-BE5C-46DC-9345-C48EF50C5448} = {EC4B79BE-BE5C-46DC-9345-C48EF50C5448}
	EndProjectSection
EndProject
Project("{FAE04EC0-301F-11D3-BF4B-00C04F79EFBC}") = "Utilities", "Utils\Utilities.csproj", "{EC4B79BE-BE5C-46DC-9345-C48EF50C5448}"
EndProject
Global
	GlobalSection(SolutionConfigurationPlatforms) = preSolution
		Debug|Any CPU = Debug|Any CPU
		Debug|Mixed Platforms = Debug|Mixed Platforms
		Debug|x86 = Debug|x86
		Release|Any CPU = Release|Any CPU
		Release|Mixed Platforms = Release|Mixed Platforms
		Release|x86 = Release|x86
	EndGlobalSection
	GlobalSection(ProjectConfigurationPlatforms) = postSolution
		{B1DD1A8B-49A1-4C9E-B4C2-0DE6EEC4B14D}.Debug|Any CPU.ActiveCfg = Debug|x86
		{B1DD1A8B-49A1-4C9E-B4C2-0DE6EEC4B14D}.Debug|Mixed Platforms.ActiveCfg = Debug|x86
		{B1DD1A8B-49A1-4C9E-B4C2-0DE6EEC4B14D}.Debug|Mixed Platforms.Build.0 = Debug|x86
		{B1DD1A8B-49A1-4C9E-B4C2-0DE6EEC4B14D}.Debug|x86.ActiveCfg = Debug|x86
		{B1DD1A8B-49A1-4C9E-B4C2-0DE6EEC4B14D}.Debug|x86.Build.0 = Debug|x86
		{B1DD1A8B-49A1-4C9E-B4C2-0DE6EEC4B14D}.Release|Any CPU.ActiveCfg = Release|x86
		{B1DD1A8B-49A1-4C9E-B4C2-0DE6EEC4B14D}.Release|Mixed Platforms.ActiveCfg = Release|x86
		{B1DD1A8B-49A1-4C9E-B4C2-0DE6EEC4B14D}.Release|Mixed Platforms.Build.0 = Release|x86
		{B1DD1A8B-49A1-4C9E-B4C2-0DE6EEC4B14D}.Release|x86.ActiveCfg = Release|x86
		{B1DD1A8B-49A1-4C9E-B4C2-0DE6EEC4B14D}.Release|x86.Build.0 = Release|x86
		{EC4B79BE-BE5C-46DC-9345-C48EF50C5448}.Debug|Any CPU.ActiveCfg = Debug|Any CPU
		{EC4B79BE-BE5C-46DC-9345-C48EF50C5448}.Debug|Any CPU.Build.0 = Debug|Any CPU
		{EC4B79BE-BE5C-46DC-9345-C48EF50C5448}.Debug|Mixed Platforms.ActiveCfg = Debug|Any CPU
		{EC4B79BE-BE5C-46DC-9345-C48EF50C5448}.Debug|Mixed Platforms.Build.0 = Debug|Any CPU
		{EC4B79BE-BE5C-46DC-9345-C48EF50C5448}.Debug|x86.ActiveCfg = Debug|Any CPU
		{EC4B79BE-BE5C-46DC-9345-C48EF50C5448}.Release|Any CPU.ActiveCfg = Release|Any CPU
		{EC4B79BE-BE5C-46DC-9345-C48EF50C5448}.Release|Any CPU.Build.0 = Release|Any CPU
		{EC4B79BE-BE5C-46DC-9345-C48EF50C5448}.Release|Mixed Platforms.ActiveCfg = Release|Any CPU
		{EC4B79BE-BE5C-46DC-9345-C48EF50C5448}.Release|Mixed Platforms.Build.0 = Release|Any CPU
		{EC4B79BE-BE5C-46DC-9345-C48EF50C5448}.Release|x86.ActiveCfg = Release|Any CPU
	EndGlobalSection
	GlobalSection(SolutionProperties) = preSolution
		HideSolutionNode = FALSE
	EndGlobalSection
EndGlobal
