
Microsoft Visual Studio Solution File, Format Version 11.00
# Visual Studio 2010
Project("{FAE04EC0-301F-11D3-BF4B-00C04F79EFBC}") = "SqlInyectionPrevent", "SqlInyectionPrevent\SqlInyectionPrevent.csproj", "{FED641B3-E37E-43DE-9319-E2A9520DDB38}"
EndProject
Global
	GlobalSection(SolutionConfigurationPlatforms) = preSolution
		Debug|x86 = Debug|x86
		Release|x86 = Release|x86
	EndGlobalSection
	GlobalSection(ProjectConfigurationPlatforms) = postSolution
		{FED641B3-E37E-43DE-9319-E2A9520DDB38}.Debug|x86.ActiveCfg = Debug|x86
		{FED641B3-E37E-43DE-9319-E2A9520DDB38}.Debug|x86.Build.0 = Debug|x86
		{FED641B3-E37E-43DE-9319-E2A9520DDB38}.Release|x86.ActiveCfg = Release|x86
		{FED641B3-E37E-43DE-9319-E2A9520DDB38}.Release|x86.Build.0 = Release|x86
	EndGlobalSection
	GlobalSection(SolutionProperties) = preSolution
		HideSolutionNode = FALSE
	EndGlobalSection
EndGlobal
